
Microsoft Visual Studio Solution File, Format Version 12.00
# Visual Studio 15
VisualStudioVersion = 15.0.28307.168
MinimumVisualStudioVersion = 10.0.40219.1
Project("{FAE04EC0-301F-11D3-BF4B-00C04F79EFBC}") = "EJ2ASPMVCFileProvider", "EJ2ASPMVCFileProvider.csproj", "{0C9D0C28-E5F0-4671-B1E4-AE59A9390C1F}"
EndProject
Global
	GlobalSection(SolutionConfigurationPlatforms) = preSolution
		Debug|Any CPU = Debug|Any CPU
		Release|Any CPU = Release|Any CPU
	EndGlobalSection
	GlobalSection(ProjectConfigurationPlatforms) = postSolution
		{0C9D0C28-E5F0-4671-B1E4-AE59A9390C1F}.Debug|Any CPU.ActiveCfg = Debug|Any CPU
		{0C9D0C28-E5F0-4671-B1E4-AE59A9390C1F}.Debug|Any CPU.Build.0 = Debug|Any CPU
		{0C9D0C28-E5F0-4671-B1E4-AE59A9390C1F}.Release|Any CPU.ActiveCfg = Release|Any CPU
		{0C9D0C28-E5F0-4671-B1E4-AE59A9390C1F}.Release|Any CPU.Build.0 = Release|Any CPU
	EndGlobalSection
	GlobalSection(SolutionProperties) = preSolution
		HideSolutionNode = FALSE
	EndGlobalSection
	GlobalSection(ExtensibilityGlobals) = postSolution
		SolutionGuid = {028F8F1B-2DB8-4790-A68D-F431F51CA0FD}
	EndGlobalSection
EndGlobal
